
Microsoft Visual Studio Solution File, Format Version 12.00
# Visual Studio Version 18
VisualStudioVersion = 18.4.11626.88
MinimumVisualStudioVersion = 10.0.40219.1
Project("{8BC9CEB8-8B4A-11D0-8D11-00A0C91BC942}") = "Qiangli_hub75_test", "Qiangli_hub75_test\Qiangli_hub75_test.vcxproj", "{DDEDA6CD-141D-9AA3-8CDC-9411807E0E88}"
EndProject
Global
	GlobalSection(SolutionConfigurationPlatforms) = preSolution
		Debug|ARM = Debug|ARM
		Debug|ARM64 = Debug|ARM64
		Release|ARM = Release|ARM
		Release|ARM64 = Release|ARM64
	EndGlobalSection
	GlobalSection(ProjectConfigurationPlatforms) = postSolution
		{DDEDA6CD-141D-9AA3-8CDC-9411807E0E88}.Debug|ARM.ActiveCfg = Debug|ARM
		{DDEDA6CD-141D-9AA3-8CDC-9411807E0E88}.Debug|ARM.Build.0 = Debug|ARM
		{DDEDA6CD-141D-9AA3-8CDC-9411807E0E88}.Debug|ARM.Deploy.0 = Debug|ARM
		{DDEDA6CD-141D-9AA3-8CDC-9411807E0E88}.Debug|ARM64.ActiveCfg = Debug|ARM64
		{DDEDA6CD-141D-9AA3-8CDC-9411807E0E88}.Debug|ARM64.Build.0 = Debug|ARM64
		{DDEDA6CD-141D-9AA3-8CDC-9411807E0E88}.Debug|ARM64.Deploy.0 = Debug|ARM64
		{DDEDA6CD-141D-9AA3-8CDC-9411807E0E88}.Release|ARM.ActiveCfg = Release|ARM
		{DDEDA6CD-141D-9AA3-8CDC-9411807E0E88}.Release|ARM.Build.0 = Release|ARM
		{DDEDA6CD-141D-9AA3-8CDC-9411807E0E88}.Release|ARM.Deploy.0 = Release|ARM
		{DDEDA6CD-141D-9AA3-8CDC-9411807E0E88}.Release|ARM64.ActiveCfg = Release|ARM64
		{DDEDA6CD-141D-9AA3-8CDC-9411807E0E88}.Release|ARM64.Build.0 = Release|ARM64
		{DDEDA6CD-141D-9AA3-8CDC-9411807E0E88}.Release|ARM64.Deploy.0 = Release|ARM64
	EndGlobalSection
	GlobalSection(SolutionProperties) = preSolution
		HideSolutionNode = FALSE
	EndGlobalSection
	GlobalSection(ExtensibilityGlobals) = postSolution
		SolutionGuid = {8022472E-F5A3-4804-8A9C-F5BD841D0DB8}
	EndGlobalSection
EndGlobal
